
Microsoft Visual Studio Solution File, Format Version 12.00
# Visual Studio Version 16
Project("{2150E333-8FDC-42A3-9474-1A3956D46DE8}") = "CMakePredefinedTargets", "CMakePredefinedTargets", "{3D72AF90-1FA9-3763-838E-68CFAA901116}"
EndProject
Project("{2150E333-8FDC-42A3-9474-1A3956D46DE8}") = "External", "External", "{6CDA01C6-2178-3362-8FFF-62BC20C2E20B}"
EndProject
Project("{2150E333-8FDC-42A3-9474-1A3956D46DE8}") = "Internal", "Internal", "{9E383529-D79D-3D44-B952-F02572B8A758}"
EndProject
Project("{2150E333-8FDC-42A3-9474-1A3956D46DE8}") = "Utils", "Utils", "{3FEE00A8-3031-31F5-94F4-227CD3A0DABE}"
EndProject
Project("{8BC9CEB8-8B4A-11D0-8D11-00A0C91BC942}") = "ALL_BUILD", "ALL_BUILD.vcxproj", "{66EF46A0-EE6E-3967-BBA9-F9A44E7F954B}"
	ProjectSection(ProjectDependencies) = postProject
		{D765F304-1FD5-3EC5-ABE0-44519E83181A} = {D765F304-1FD5-3EC5-ABE0-44519E83181A}
		{DEC74AF9-BE37-36B4-BC04-F110F0913202} = {DEC74AF9-BE37-36B4-BC04-F110F0913202}
		{4C29A16C-5BF3-3687-A3B7-494508D26E62} = {4C29A16C-5BF3-3687-A3B7-494508D26E62}
		{D0C01AD8-0112-355D-A992-92EBDE45BBD0} = {D0C01AD8-0112-355D-A992-92EBDE45BBD0}
		{2684C8E4-D9AA-3135-B2BC-507CF5635FBF} = {2684C8E4-D9AA-3135-B2BC-507CF5635FBF}
		{CFE179CE-3471-3B24-8630-9F58F697667D} = {CFE179CE-3471-3B24-8630-9F58F697667D}
		{5E121B3E-D28D-3EA8-B723-D86B03B63BA3} = {5E121B3E-D28D-3EA8-B723-D86B03B63BA3}
		{15B8F2E7-9583-3DCB-A4B3-5F091BB94EAC} = {15B8F2E7-9583-3DCB-A4B3-5F091BB94EAC}
		{63571286-1293-3E5E-839F-616EEA78D1C1} = {63571286-1293-3E5E-839F-616EEA78D1C1}
		{B0A7B21A-4DE7-3FD5-ACFE-87C668253DC2} = {B0A7B21A-4DE7-3FD5-ACFE-87C668253DC2}
		{929CDDF9-05FC-3B86-8CCF-AED02109FF14} = {929CDDF9-05FC-3B86-8CCF-AED02109FF14}
		{86981371-63FA-39BD-ACD6-EB7421094071} = {86981371-63FA-39BD-ACD6-EB7421094071}
		{5F71816F-1F9C-352A-B917-4633295E11E5} = {5F71816F-1F9C-352A-B917-4633295E11E5}
		{576DADF4-A873-37D5-94A4-4D470119F611} = {576DADF4-A873-37D5-94A4-4D470119F611}
		{31A804FD-1A80-3DA3-9ECA-C1FDB6B49440} = {31A804FD-1A80-3DA3-9ECA-C1FDB6B49440}
	EndProjectSection
EndProject
Project("{8BC9CEB8-8B4A-11D0-8D11-00A0C91BC942}") = "SYNC_RESOURCE-TestGame", "SYNC_RESOURCE-TestGame.vcxproj", "{D765F304-1FD5-3EC5-ABE0-44519E83181A}"
	ProjectSection(ProjectDependencies) = postProject
		{4C29A16C-5BF3-3687-A3B7-494508D26E62} = {4C29A16C-5BF3-3687-A3B7-494508D26E62}
	EndProjectSection
EndProject
Project("{8BC9CEB8-8B4A-11D0-8D11-00A0C91BC942}") = "TestGame", "TestGame.vcxproj", "{DEC74AF9-BE37-36B4-BC04-F110F0913202}"
	ProjectSection(ProjectDependencies) = postProject
		{D765F304-1FD5-3EC5-ABE0-44519E83181A} = {D765F304-1FD5-3EC5-ABE0-44519E83181A}
		{4C29A16C-5BF3-3687-A3B7-494508D26E62} = {4C29A16C-5BF3-3687-A3B7-494508D26E62}
		{D0C01AD8-0112-355D-A992-92EBDE45BBD0} = {D0C01AD8-0112-355D-A992-92EBDE45BBD0}
		{2684C8E4-D9AA-3135-B2BC-507CF5635FBF} = {2684C8E4-D9AA-3135-B2BC-507CF5635FBF}
		{CFE179CE-3471-3B24-8630-9F58F697667D} = {CFE179CE-3471-3B24-8630-9F58F697667D}
		{5E121B3E-D28D-3EA8-B723-D86B03B63BA3} = {5E121B3E-D28D-3EA8-B723-D86B03B63BA3}
		{15B8F2E7-9583-3DCB-A4B3-5F091BB94EAC} = {15B8F2E7-9583-3DCB-A4B3-5F091BB94EAC}
		{63571286-1293-3E5E-839F-616EEA78D1C1} = {63571286-1293-3E5E-839F-616EEA78D1C1}
		{B0A7B21A-4DE7-3FD5-ACFE-87C668253DC2} = {B0A7B21A-4DE7-3FD5-ACFE-87C668253DC2}
		{929CDDF9-05FC-3B86-8CCF-AED02109FF14} = {929CDDF9-05FC-3B86-8CCF-AED02109FF14}
		{86981371-63FA-39BD-ACD6-EB7421094071} = {86981371-63FA-39BD-ACD6-EB7421094071}
		{5F71816F-1F9C-352A-B917-4633295E11E5} = {5F71816F-1F9C-352A-B917-4633295E11E5}
		{576DADF4-A873-37D5-94A4-4D470119F611} = {576DADF4-A873-37D5-94A4-4D470119F611}
		{31A804FD-1A80-3DA3-9ECA-C1FDB6B49440} = {31A804FD-1A80-3DA3-9ECA-C1FDB6B49440}
	EndProjectSection
EndProject
Project("{8BC9CEB8-8B4A-11D0-8D11-00A0C91BC942}") = "ZERO_CHECK", "ZERO_CHECK.vcxproj", "{4C29A16C-5BF3-3687-A3B7-494508D26E62}"
	ProjectSection(ProjectDependencies) = postProject
	EndProjectSection
EndProject
Project("{8BC9CEB8-8B4A-11D0-8D11-00A0C91BC942}") = "cocos2d", "engine\cocos\core\cocos2d.vcxproj", "{D0C01AD8-0112-355D-A992-92EBDE45BBD0}"
	ProjectSection(ProjectDependencies) = postProject
		{4C29A16C-5BF3-3687-A3B7-494508D26E62} = {4C29A16C-5BF3-3687-A3B7-494508D26E62}
		{2684C8E4-D9AA-3135-B2BC-507CF5635FBF} = {2684C8E4-D9AA-3135-B2BC-507CF5635FBF}
		{CFE179CE-3471-3B24-8630-9F58F697667D} = {CFE179CE-3471-3B24-8630-9F58F697667D}
		{5E121B3E-D28D-3EA8-B723-D86B03B63BA3} = {5E121B3E-D28D-3EA8-B723-D86B03B63BA3}
		{15B8F2E7-9583-3DCB-A4B3-5F091BB94EAC} = {15B8F2E7-9583-3DCB-A4B3-5F091BB94EAC}
		{63571286-1293-3E5E-839F-616EEA78D1C1} = {63571286-1293-3E5E-839F-616EEA78D1C1}
		{B0A7B21A-4DE7-3FD5-ACFE-87C668253DC2} = {B0A7B21A-4DE7-3FD5-ACFE-87C668253DC2}
		{929CDDF9-05FC-3B86-8CCF-AED02109FF14} = {929CDDF9-05FC-3B86-8CCF-AED02109FF14}
		{86981371-63FA-39BD-ACD6-EB7421094071} = {86981371-63FA-39BD-ACD6-EB7421094071}
		{5F71816F-1F9C-352A-B917-4633295E11E5} = {5F71816F-1F9C-352A-B917-4633295E11E5}
		{576DADF4-A873-37D5-94A4-4D470119F611} = {576DADF4-A873-37D5-94A4-4D470119F611}
		{31A804FD-1A80-3DA3-9ECA-C1FDB6B49440} = {31A804FD-1A80-3DA3-9ECA-C1FDB6B49440}
	EndProjectSection
EndProject
Project("{8BC9CEB8-8B4A-11D0-8D11-00A0C91BC942}") = "ext_clipper", "engine\external\clipper\ext_clipper.vcxproj", "{2684C8E4-D9AA-3135-B2BC-507CF5635FBF}"
	ProjectSection(ProjectDependencies) = postProject
		{4C29A16C-5BF3-3687-A3B7-494508D26E62} = {4C29A16C-5BF3-3687-A3B7-494508D26E62}
	EndProjectSection
EndProject
Project("{8BC9CEB8-8B4A-11D0-8D11-00A0C91BC942}") = "ext_convertUTF", "engine\external\ConvertUTF\ext_convertUTF.vcxproj", "{CFE179CE-3471-3B24-8630-9F58F697667D}"
	ProjectSection(ProjectDependencies) = postProject
		{4C29A16C-5BF3-3687-A3B7-494508D26E62} = {4C29A16C-5BF3-3687-A3B7-494508D26E62}
	EndProjectSection
EndProject
Project("{8BC9CEB8-8B4A-11D0-8D11-00A0C91BC942}") = "ext_edtaa3func", "engine\external\edtaa3func\ext_edtaa3func.vcxproj", "{5E121B3E-D28D-3EA8-B723-D86B03B63BA3}"
	ProjectSection(ProjectDependencies) = postProject
		{4C29A16C-5BF3-3687-A3B7-494508D26E62} = {4C29A16C-5BF3-3687-A3B7-494508D26E62}
	EndProjectSection
EndProject
Project("{8BC9CEB8-8B4A-11D0-8D11-00A0C91BC942}") = "ext_md5", "engine\external\md5\ext_md5.vcxproj", "{15B8F2E7-9583-3DCB-A4B3-5F091BB94EAC}"
	ProjectSection(ProjectDependencies) = postProject
		{4C29A16C-5BF3-3687-A3B7-494508D26E62} = {4C29A16C-5BF3-3687-A3B7-494508D26E62}
	EndProjectSection
EndProject
Project("{8BC9CEB8-8B4A-11D0-8D11-00A0C91BC942}") = "ext_poly2tri", "engine\external\poly2tri\ext_poly2tri.vcxproj", "{63571286-1293-3E5E-839F-616EEA78D1C1}"
	ProjectSection(ProjectDependencies) = postProject
		{4C29A16C-5BF3-3687-A3B7-494508D26E62} = {4C29A16C-5BF3-3687-A3B7-494508D26E62}
	EndProjectSection
EndProject
Project("{8BC9CEB8-8B4A-11D0-8D11-00A0C91BC942}") = "ext_recast", "engine\external\recast\ext_recast.vcxproj", "{B0A7B21A-4DE7-3FD5-ACFE-87C668253DC2}"
	ProjectSection(ProjectDependencies) = postProject
		{4C29A16C-5BF3-3687-A3B7-494508D26E62} = {4C29A16C-5BF3-3687-A3B7-494508D26E62}
	EndProjectSection
EndProject
Project("{8BC9CEB8-8B4A-11D0-8D11-00A0C91BC942}") = "ext_tinyxml2", "engine\external\tinyxml2\ext_tinyxml2.vcxproj", "{929CDDF9-05FC-3B86-8CCF-AED02109FF14}"
	ProjectSection(ProjectDependencies) = postProject
		{4C29A16C-5BF3-3687-A3B7-494508D26E62} = {4C29A16C-5BF3-3687-A3B7-494508D26E62}
	EndProjectSection
EndProject
Project("{8BC9CEB8-8B4A-11D0-8D11-00A0C91BC942}") = "ext_unzip", "engine\external\unzip\ext_unzip.vcxproj", "{86981371-63FA-39BD-ACD6-EB7421094071}"
	ProjectSection(ProjectDependencies) = postProject
		{4C29A16C-5BF3-3687-A3B7-494508D26E62} = {4C29A16C-5BF3-3687-A3B7-494508D26E62}
	EndProjectSection
EndProject
Project("{8BC9CEB8-8B4A-11D0-8D11-00A0C91BC942}") = "ext_xxhash", "engine\external\xxhash\ext_xxhash.vcxproj", "{5F71816F-1F9C-352A-B917-4633295E11E5}"
	ProjectSection(ProjectDependencies) = postProject
		{4C29A16C-5BF3-3687-A3B7-494508D26E62} = {4C29A16C-5BF3-3687-A3B7-494508D26E62}
	EndProjectSection
EndProject
Project("{8BC9CEB8-8B4A-11D0-8D11-00A0C91BC942}") = "ext_xxtea", "engine\external\xxtea\ext_xxtea.vcxproj", "{576DADF4-A873-37D5-94A4-4D470119F611}"
	ProjectSection(ProjectDependencies) = postProject
		{4C29A16C-5BF3-3687-A3B7-494508D26E62} = {4C29A16C-5BF3-3687-A3B7-494508D26E62}
	EndProjectSection
EndProject
Project("{8BC9CEB8-8B4A-11D0-8D11-00A0C91BC942}") = "external", "engine\external\external.vcxproj", "{31A804FD-1A80-3DA3-9ECA-C1FDB6B49440}"
	ProjectSection(ProjectDependencies) = postProject
		{4C29A16C-5BF3-3687-A3B7-494508D26E62} = {4C29A16C-5BF3-3687-A3B7-494508D26E62}
		{2684C8E4-D9AA-3135-B2BC-507CF5635FBF} = {2684C8E4-D9AA-3135-B2BC-507CF5635FBF}
		{CFE179CE-3471-3B24-8630-9F58F697667D} = {CFE179CE-3471-3B24-8630-9F58F697667D}
		{5E121B3E-D28D-3EA8-B723-D86B03B63BA3} = {5E121B3E-D28D-3EA8-B723-D86B03B63BA3}
		{15B8F2E7-9583-3DCB-A4B3-5F091BB94EAC} = {15B8F2E7-9583-3DCB-A4B3-5F091BB94EAC}
		{63571286-1293-3E5E-839F-616EEA78D1C1} = {63571286-1293-3E5E-839F-616EEA78D1C1}
		{B0A7B21A-4DE7-3FD5-ACFE-87C668253DC2} = {B0A7B21A-4DE7-3FD5-ACFE-87C668253DC2}
		{929CDDF9-05FC-3B86-8CCF-AED02109FF14} = {929CDDF9-05FC-3B86-8CCF-AED02109FF14}
		{86981371-63FA-39BD-ACD6-EB7421094071} = {86981371-63FA-39BD-ACD6-EB7421094071}
		{5F71816F-1F9C-352A-B917-4633295E11E5} = {5F71816F-1F9C-352A-B917-4633295E11E5}
		{576DADF4-A873-37D5-94A4-4D470119F611} = {576DADF4-A873-37D5-94A4-4D470119F611}
	EndProjectSection
EndProject
Global
	GlobalSection(SolutionConfigurationPlatforms) = preSolution
		Debug|Win32 = Debug|Win32
		Release|Win32 = Release|Win32
		MinSizeRel|Win32 = MinSizeRel|Win32
		RelWithDebInfo|Win32 = RelWithDebInfo|Win32
	EndGlobalSection
	GlobalSection(ProjectConfigurationPlatforms) = postSolution
		{66EF46A0-EE6E-3967-BBA9-F9A44E7F954B}.Debug|Win32.ActiveCfg = Debug|Win32
		{66EF46A0-EE6E-3967-BBA9-F9A44E7F954B}.Release|Win32.ActiveCfg = Release|Win32
		{66EF46A0-EE6E-3967-BBA9-F9A44E7F954B}.MinSizeRel|Win32.ActiveCfg = MinSizeRel|Win32
		{66EF46A0-EE6E-3967-BBA9-F9A44E7F954B}.RelWithDebInfo|Win32.ActiveCfg = RelWithDebInfo|Win32
		{D765F304-1FD5-3EC5-ABE0-44519E83181A}.Debug|Win32.ActiveCfg = Debug|Win32
		{D765F304-1FD5-3EC5-ABE0-44519E83181A}.Debug|Win32.Build.0 = Debug|Win32
		{D765F304-1FD5-3EC5-ABE0-44519E83181A}.Release|Win32.ActiveCfg = Release|Win32
		{D765F304-1FD5-3EC5-ABE0-44519E83181A}.Release|Win32.Build.0 = Release|Win32
		{D765F304-1FD5-3EC5-ABE0-44519E83181A}.MinSizeRel|Win32.ActiveCfg = MinSizeRel|Win32
		{D765F304-1FD5-3EC5-ABE0-44519E83181A}.MinSizeRel|Win32.Build.0 = MinSizeRel|Win32
		{D765F304-1FD5-3EC5-ABE0-44519E83181A}.RelWithDebInfo|Win32.ActiveCfg = RelWithDebInfo|Win32
		{D765F304-1FD5-3EC5-ABE0-44519E83181A}.RelWithDebInfo|Win32.Build.0 = RelWithDebInfo|Win32
		{DEC74AF9-BE37-36B4-BC04-F110F0913202}.Debug|Win32.ActiveCfg = Debug|Win32
		{DEC74AF9-BE37-36B4-BC04-F110F0913202}.Debug|Win32.Build.0 = Debug|Win32
		{DEC74AF9-BE37-36B4-BC04-F110F0913202}.Release|Win32.ActiveCfg = Release|Win32
		{DEC74AF9-BE37-36B4-BC04-F110F0913202}.Release|Win32.Build.0 = Release|Win32
		{DEC74AF9-BE37-36B4-BC04-F110F0913202}.MinSizeRel|Win32.ActiveCfg = MinSizeRel|Win32
		{DEC74AF9-BE37-36B4-BC04-F110F0913202}.MinSizeRel|Win32.Build.0 = MinSizeRel|Win32
		{DEC74AF9-BE37-36B4-BC04-F110F0913202}.RelWithDebInfo|Win32.ActiveCfg = RelWithDebInfo|Win32
		{DEC74AF9-BE37-36B4-BC04-F110F0913202}.RelWithDebInfo|Win32.Build.0 = RelWithDebInfo|Win32
		{4C29A16C-5BF3-3687-A3B7-494508D26E62}.Debug|Win32.ActiveCfg = Debug|Win32
		{4C29A16C-5BF3-3687-A3B7-494508D26E62}.Debug|Win32.Build.0 = Debug|Win32
		{4C29A16C-5BF3-3687-A3B7-494508D26E62}.Release|Win32.ActiveCfg = Release|Win32
		{4C29A16C-5BF3-3687-A3B7-494508D26E62}.Release|Win32.Build.0 = Release|Win32
		{4C29A16C-5BF3-3687-A3B7-494508D26E62}.MinSizeRel|Win32.ActiveCfg = MinSizeRel|Win32
		{4C29A16C-5BF3-3687-A3B7-494508D26E62}.MinSizeRel|Win32.Build.0 = MinSizeRel|Win32
		{4C29A16C-5BF3-3687-A3B7-494508D26E62}.RelWithDebInfo|Win32.ActiveCfg = RelWithDebInfo|Win32
		{4C29A16C-5BF3-3687-A3B7-494508D26E62}.RelWithDebInfo|Win32.Build.0 = RelWithDebInfo|Win32
		{D0C01AD8-0112-355D-A992-92EBDE45BBD0}.Debug|Win32.ActiveCfg = Debug|Win32
		{D0C01AD8-0112-355D-A992-92EBDE45BBD0}.Debug|Win32.Build.0 = Debug|Win32
		{D0C01AD8-0112-355D-A992-92EBDE45BBD0}.Release|Win32.ActiveCfg = Release|Win32
		{D0C01AD8-0112-355D-A992-92EBDE45BBD0}.Release|Win32.Build.0 = Release|Win32
		{D0C01AD8-0112-355D-A992-92EBDE45BBD0}.MinSizeRel|Win32.ActiveCfg = MinSizeRel|Win32
		{D0C01AD8-0112-355D-A992-92EBDE45BBD0}.MinSizeRel|Win32.Build.0 = MinSizeRel|Win32
		{D0C01AD8-0112-355D-A992-92EBDE45BBD0}.RelWithDebInfo|Win32.ActiveCfg = RelWithDebInfo|Win32
		{D0C01AD8-0112-355D-A992-92EBDE45BBD0}.RelWithDebInfo|Win32.Build.0 = RelWithDebInfo|Win32
		{2684C8E4-D9AA-3135-B2BC-507CF5635FBF}.Debug|Win32.ActiveCfg = Debug|Win32
		{2684C8E4-D9AA-3135-B2BC-507CF5635FBF}.Debug|Win32.Build.0 = Debug|Win32
		{2684C8E4-D9AA-3135-B2BC-507CF5635FBF}.Release|Win32.ActiveCfg = Release|Win32
		{2684C8E4-D9AA-3135-B2BC-507CF5635FBF}.Release|Win32.Build.0 = Release|Win32
		{2684C8E4-D9AA-3135-B2BC-507CF5635FBF}.MinSizeRel|Win32.ActiveCfg = MinSizeRel|Win32
		{2684C8E4-D9AA-3135-B2BC-507CF5635FBF}.MinSizeRel|Win32.Build.0 = MinSizeRel|Win32
		{2684C8E4-D9AA-3135-B2BC-507CF5635FBF}.RelWithDebInfo|Win32.ActiveCfg = RelWithDebInfo|Win32
		{2684C8E4-D9AA-3135-B2BC-507CF5635FBF}.RelWithDebInfo|Win32.Build.0 = RelWithDebInfo|Win32
		{CFE179CE-3471-3B24-8630-9F58F697667D}.Debug|Win32.ActiveCfg = Debug|Win32
		{CFE179CE-3471-3B24-8630-9F58F697667D}.Debug|Win32.Build.0 = Debug|Win32
		{CFE179CE-3471-3B24-8630-9F58F697667D}.Release|Win32.ActiveCfg = Release|Win32
		{CFE179CE-3471-3B24-8630-9F58F697667D}.Release|Win32.Build.0 = Release|Win32
		{CFE179CE-3471-3B24-8630-9F58F697667D}.MinSizeRel|Win32.ActiveCfg = MinSizeRel|Win32
		{CFE179CE-3471-3B24-8630-9F58F697667D}.MinSizeRel|Win32.Build.0 = MinSizeRel|Win32
		{CFE179CE-3471-3B24-8630-9F58F697667D}.RelWithDebInfo|Win32.ActiveCfg = RelWithDebInfo|Win32
		{CFE179CE-3471-3B24-8630-9F58F697667D}.RelWithDebInfo|Win32.Build.0 = RelWithDebInfo|Win32
		{5E121B3E-D28D-3EA8-B723-D86B03B63BA3}.Debug|Win32.ActiveCfg = Debug|Win32
		{5E121B3E-D28D-3EA8-B723-D86B03B63BA3}.Debug|Win32.Build.0 = Debug|Win32
		{5E121B3E-D28D-3EA8-B723-D86B03B63BA3}.Release|Win32.ActiveCfg = Release|Win32
		{5E121B3E-D28D-3EA8-B723-D86B03B63BA3}.Release|Win32.Build.0 = Release|Win32
		{5E121B3E-D28D-3EA8-B723-D86B03B63BA3}.MinSizeRel|Win32.ActiveCfg = MinSizeRel|Win32
		{5E121B3E-D28D-3EA8-B723-D86B03B63BA3}.MinSizeRel|Win32.Build.0 = MinSizeRel|Win32
		{5E121B3E-D28D-3EA8-B723-D86B03B63BA3}.RelWithDebInfo|Win32.ActiveCfg = RelWithDebInfo|Win32
		{5E121B3E-D28D-3EA8-B723-D86B03B63BA3}.RelWithDebInfo|Win32.Build.0 = RelWithDebInfo|Win32
		{15B8F2E7-9583-3DCB-A4B3-5F091BB94EAC}.Debug|Win32.ActiveCfg = Debug|Win32
		{15B8F2E7-9583-3DCB-A4B3-5F091BB94EAC}.Debug|Win32.Build.0 = Debug|Win32
		{15B8F2E7-9583-3DCB-A4B3-5F091BB94EAC}.Release|Win32.ActiveCfg = Release|Win32
		{15B8F2E7-9583-3DCB-A4B3-5F091BB94EAC}.Release|Win32.Build.0 = Release|Win32
		{15B8F2E7-9583-3DCB-A4B3-5F091BB94EAC}.MinSizeRel|Win32.ActiveCfg = MinSizeRel|Win32
		{15B8F2E7-9583-3DCB-A4B3-5F091BB94EAC}.MinSizeRel|Win32.Build.0 = MinSizeRel|Win32
		{15B8F2E7-9583-3DCB-A4B3-5F091BB94EAC}.RelWithDebInfo|Win32.ActiveCfg = RelWithDebInfo|Win32
		{15B8F2E7-9583-3DCB-A4B3-5F091BB94EAC}.RelWithDebInfo|Win32.Build.0 = RelWithDebInfo|Win32
		{63571286-1293-3E5E-839F-616EEA78D1C1}.Debug|Win32.ActiveCfg = Debug|Win32
		{63571286-1293-3E5E-839F-616EEA78D1C1}.Debug|Win32.Build.0 = Debug|Win32
		{63571286-1293-3E5E-839F-616EEA78D1C1}.Release|Win32.ActiveCfg = Release|Win32
		{63571286-1293-3E5E-839F-616EEA78D1C1}.Release|Win32.Build.0 = Release|Win32
		{63571286-1293-3E5E-839F-616EEA78D1C1}.MinSizeRel|Win32.ActiveCfg = MinSizeRel|Win32
		{63571286-1293-3E5E-839F-616EEA78D1C1}.MinSizeRel|Win32.Build.0 = MinSizeRel|Win32
		{63571286-1293-3E5E-839F-616EEA78D1C1}.RelWithDebInfo|Win32.ActiveCfg = RelWithDebInfo|Win32
		{63571286-1293-3E5E-839F-616EEA78D1C1}.RelWithDebInfo|Win32.Build.0 = RelWithDebInfo|Win32
		{B0A7B21A-4DE7-3FD5-ACFE-87C668253DC2}.Debug|Win32.ActiveCfg = Debug|Win32
		{B0A7B21A-4DE7-3FD5-ACFE-87C668253DC2}.Debug|Win32.Build.0 = Debug|Win32
		{B0A7B21A-4DE7-3FD5-ACFE-87C668253DC2}.Release|Win32.ActiveCfg = Release|Win32
		{B0A7B21A-4DE7-3FD5-ACFE-87C668253DC2}.Release|Win32.Build.0 = Release|Win32
		{B0A7B21A-4DE7-3FD5-ACFE-87C668253DC2}.MinSizeRel|Win32.ActiveCfg = MinSizeRel|Win32
		{B0A7B21A-4DE7-3FD5-ACFE-87C668253DC2}.MinSizeRel|Win32.Build.0 = MinSizeRel|Win32
		{B0A7B21A-4DE7-3FD5-ACFE-87C668253DC2}.RelWithDebInfo|Win32.ActiveCfg = RelWithDebInfo|Win32
		{B0A7B21A-4DE7-3FD5-ACFE-87C668253DC2}.RelWithDebInfo|Win32.Build.0 = RelWithDebInfo|Win32
		{929CDDF9-05FC-3B86-8CCF-AED02109FF14}.Debug|Win32.ActiveCfg = Debug|Win32
		{929CDDF9-05FC-3B86-8CCF-AED02109FF14}.Debug|Win32.Build.0 = Debug|Win32
		{929CDDF9-05FC-3B86-8CCF-AED02109FF14}.Release|Win32.ActiveCfg = Release|Win32
		{929CDDF9-05FC-3B86-8CCF-AED02109FF14}.Release|Win32.Build.0 = Release|Win32
		{929CDDF9-05FC-3B86-8CCF-AED02109FF14}.MinSizeRel|Win32.ActiveCfg = MinSizeRel|Win32
		{929CDDF9-05FC-3B86-8CCF-AED02109FF14}.MinSizeRel|Win32.Build.0 = MinSizeRel|Win32
		{929CDDF9-05FC-3B86-8CCF-AED02109FF14}.RelWithDebInfo|Win32.ActiveCfg = RelWithDebInfo|Win32
		{929CDDF9-05FC-3B86-8CCF-AED02109FF14}.RelWithDebInfo|Win32.Build.0 = RelWithDebInfo|Win32
		{86981371-63FA-39BD-ACD6-EB7421094071}.Debug|Win32.ActiveCfg = Debug|Win32
		{86981371-63FA-39BD-ACD6-EB7421094071}.Debug|Win32.Build.0 = Debug|Win32
		{86981371-63FA-39BD-ACD6-EB7421094071}.Release|Win32.ActiveCfg = Release|Win32
		{86981371-63FA-39BD-ACD6-EB7421094071}.Release|Win32.Build.0 = Release|Win32
		{86981371-63FA-39BD-ACD6-EB7421094071}.MinSizeRel|Win32.ActiveCfg = MinSizeRel|Win32
		{86981371-63FA-39BD-ACD6-EB7421094071}.MinSizeRel|Win32.Build.0 = MinSizeRel|Win32
		{86981371-63FA-39BD-ACD6-EB7421094071}.RelWithDebInfo|Win32.ActiveCfg = RelWithDebInfo|Win32
		{86981371-63FA-39BD-ACD6-EB7421094071}.RelWithDebInfo|Win32.Build.0 = RelWithDebInfo|Win32
		{5F71816F-1F9C-352A-B917-4633295E11E5}.Debug|Win32.ActiveCfg = Debug|Win32
		{5F71816F-1F9C-352A-B917-4633295E11E5}.Debug|Win32.Build.0 = Debug|Win32
		{5F71816F-1F9C-352A-B917-4633295E11E5}.Release|Win32.ActiveCfg = Release|Win32
		{5F71816F-1F9C-352A-B917-4633295E11E5}.Release|Win32.Build.0 = Release|Win32
		{5F71816F-1F9C-352A-B917-4633295E11E5}.MinSizeRel|Win32.ActiveCfg = MinSizeRel|Win32
		{5F71816F-1F9C-352A-B917-4633295E11E5}.MinSizeRel|Win32.Build.0 = MinSizeRel|Win32
		{5F71816F-1F9C-352A-B917-4633295E11E5}.RelWithDebInfo|Win32.ActiveCfg = RelWithDebInfo|Win32
		{5F71816F-1F9C-352A-B917-4633295E11E5}.RelWithDebInfo|Win32.Build.0 = RelWithDebInfo|Win32
		{576DADF4-A873-37D5-94A4-4D470119F611}.Debug|Win32.ActiveCfg = Debug|Win32
		{576DADF4-A873-37D5-94A4-4D470119F611}.Debug|Win32.Build.0 = Debug|Win32
		{576DADF4-A873-37D5-94A4-4D470119F611}.Release|Win32.ActiveCfg = Release|Win32
		{576DADF4-A873-37D5-94A4-4D470119F611}.Release|Win32.Build.0 = Release|Win32
		{576DADF4-A873-37D5-94A4-4D470119F611}.MinSizeRel|Win32.ActiveCfg = MinSizeRel|Win32
		{576DADF4-A873-37D5-94A4-4D470119F611}.MinSizeRel|Win32.Build.0 = MinSizeRel|Win32
		{576DADF4-A873-37D5-94A4-4D470119F611}.RelWithDebInfo|Win32.ActiveCfg = RelWithDebInfo|Win32
		{576DADF4-A873-37D5-94A4-4D470119F611}.RelWithDebInfo|Win32.Build.0 = RelWithDebInfo|Win32
		{31A804FD-1A80-3DA3-9ECA-C1FDB6B49440}.Debug|Win32.ActiveCfg = Debug|Win32
		{31A804FD-1A80-3DA3-9ECA-C1FDB6B49440}.Debug|Win32.Build.0 = Debug|Win32
		{31A804FD-1A80-3DA3-9ECA-C1FDB6B49440}.Release|Win32.ActiveCfg = Release|Win32
		{31A804FD-1A80-3DA3-9ECA-C1FDB6B49440}.Release|Win32.Build.0 = Release|Win32
		{31A804FD-1A80-3DA3-9ECA-C1FDB6B49440}.MinSizeRel|Win32.ActiveCfg = MinSizeRel|Win32
		{31A804FD-1A80-3DA3-9ECA-C1FDB6B49440}.MinSizeRel|Win32.Build.0 = MinSizeRel|Win32
		{31A804FD-1A80-3DA3-9ECA-C1FDB6B49440}.RelWithDebInfo|Win32.ActiveCfg = RelWithDebInfo|Win32
		{31A804FD-1A80-3DA3-9ECA-C1FDB6B49440}.RelWithDebInfo|Win32.Build.0 = RelWithDebInfo|Win32
	EndGlobalSection
	GlobalSection(NestedProjects) = preSolution
		{66EF46A0-EE6E-3967-BBA9-F9A44E7F954B} = {3D72AF90-1FA9-3763-838E-68CFAA901116}
		{4C29A16C-5BF3-3687-A3B7-494508D26E62} = {3D72AF90-1FA9-3763-838E-68CFAA901116}
		{2684C8E4-D9AA-3135-B2BC-507CF5635FBF} = {6CDA01C6-2178-3362-8FFF-62BC20C2E20B}
		{CFE179CE-3471-3B24-8630-9F58F697667D} = {6CDA01C6-2178-3362-8FFF-62BC20C2E20B}
		{5E121B3E-D28D-3EA8-B723-D86B03B63BA3} = {6CDA01C6-2178-3362-8FFF-62BC20C2E20B}
		{15B8F2E7-9583-3DCB-A4B3-5F091BB94EAC} = {6CDA01C6-2178-3362-8FFF-62BC20C2E20B}
		{63571286-1293-3E5E-839F-616EEA78D1C1} = {6CDA01C6-2178-3362-8FFF-62BC20C2E20B}
		{B0A7B21A-4DE7-3FD5-ACFE-87C668253DC2} = {6CDA01C6-2178-3362-8FFF-62BC20C2E20B}
		{929CDDF9-05FC-3B86-8CCF-AED02109FF14} = {6CDA01C6-2178-3362-8FFF-62BC20C2E20B}
		{86981371-63FA-39BD-ACD6-EB7421094071} = {6CDA01C6-2178-3362-8FFF-62BC20C2E20B}
		{5F71816F-1F9C-352A-B917-4633295E11E5} = {6CDA01C6-2178-3362-8FFF-62BC20C2E20B}
		{576DADF4-A873-37D5-94A4-4D470119F611} = {6CDA01C6-2178-3362-8FFF-62BC20C2E20B}
		{31A804FD-1A80-3DA3-9ECA-C1FDB6B49440} = {6CDA01C6-2178-3362-8FFF-62BC20C2E20B}
		{D0C01AD8-0112-355D-A992-92EBDE45BBD0} = {9E383529-D79D-3D44-B952-F02572B8A758}
		{D765F304-1FD5-3EC5-ABE0-44519E83181A} = {3FEE00A8-3031-31F5-94F4-227CD3A0DABE}
	EndGlobalSection
	GlobalSection(ExtensibilityGlobals) = postSolution
		SolutionGuid = {E9E15C56-69FD-33FB-9D78-0E90517F51E0}
	EndGlobalSection
	GlobalSection(ExtensibilityAddIns) = postSolution
	EndGlobalSection
EndGlobal
